
Microsoft Visual Studio Solution File, Format Version 12.00
# Visual Studio Version 16
VisualStudioVersion = 16.0.30011.22
MinimumVisualStudioVersion = 10.0.40219.1
Project("{FAE04EC0-301F-11D3-BF4B-00C04F79EFBC}") = "CarouselPageBug.Android", "CarouselPageBug.Android\CarouselPageBug.Android.csproj", "{6D4BA10B-10F5-4804-8B7E-915C052B2A2B}"
EndProject
Project("{FAE04EC0-301F-11D3-BF4B-00C04F79EFBC}") = "CarouselPageBug.iOS", "CarouselPageBug.iOS\CarouselPageBug.iOS.csproj", "{23CF4B3B-9305-44E4-AA66-7840A24D130C}"
EndProject
Project("{FAE04EC0-301F-11D3-BF4B-00C04F79EFBC}") = "CarouselPageBug", "CarouselPageBug\CarouselPageBug.csproj", "{1FC28BC6-31D9-4258-90C9-BA10D90F7381}"
EndProject
Global
	GlobalSection(SolutionConfigurationPlatforms) = preSolution
		Debug|Any CPU = Debug|Any CPU
		Debug|iPhone = Debug|iPhone
		Debug|iPhoneSimulator = Debug|iPhoneSimulator
		Release|Any CPU = Release|Any CPU
		Release|iPhone = Release|iPhone
		Release|iPhoneSimulator = Release|iPhoneSimulator
	EndGlobalSection
	GlobalSection(ProjectConfigurationPlatforms) = postSolution
		{6D4BA10B-10F5-4804-8B7E-915C052B2A2B}.Debug|Any CPU.ActiveCfg = Debug|Any CPU
		{6D4BA10B-10F5-4804-8B7E-915C052B2A2B}.Debug|Any CPU.Build.0 = Debug|Any CPU
		{6D4BA10B-10F5-4804-8B7E-915C052B2A2B}.Debug|Any CPU.Deploy.0 = Debug|Any CPU
		{6D4BA10B-10F5-4804-8B7E-915C052B2A2B}.Debug|iPhone.ActiveCfg = Debug|Any CPU
		{6D4BA10B-10F5-4804-8B7E-915C052B2A2B}.Debug|iPhone.Build.0 = Debug|Any CPU
		{6D4BA10B-10F5-4804-8B7E-915C052B2A2B}.Debug|iPhone.Deploy.0 = Debug|Any CPU
		{6D4BA10B-10F5-4804-8B7E-915C052B2A2B}.Debug|iPhoneSimulator.ActiveCfg = Debug|Any CPU
		{6D4BA10B-10F5-4804-8B7E-915C052B2A2B}.Debug|iPhoneSimulator.Build.0 = Debug|Any CPU
		{6D4BA10B-10F5-4804-8B7E-915C052B2A2B}.Debug|iPhoneSimulator.Deploy.0 = Debug|Any CPU
		{6D4BA10B-10F5-4804-8B7E-915C052B2A2B}.Release|Any CPU.ActiveCfg = Release|Any CPU
		{6D4BA10B-10F5-4804-8B7E-915C052B2A2B}.Release|Any CPU.Build.0 = Release|Any CPU
		{6D4BA10B-10F5-4804-8B7E-915C052B2A2B}.Release|Any CPU.Deploy.0 = Release|Any CPU
		{6D4BA10B-10F5-4804-8B7E-915C052B2A2B}.Release|iPhone.ActiveCfg = Release|Any CPU
		{6D4BA10B-10F5-4804-8B7E-915C052B2A2B}.Release|iPhone.Build.0 = Release|Any CPU
		{6D4BA10B-10F5-4804-8B7E-915C052B2A2B}.Release|iPhone.Deploy.0 = Release|Any CPU
		{6D4BA10B-10F5-4804-8B7E-915C052B2A2B}.Release|iPhoneSimulator.ActiveCfg = Release|Any CPU
		{6D4BA10B-10F5-4804-8B7E-915C052B2A2B}.Release|iPhoneSimulator.Build.0 = Release|Any CPU
		{6D4BA10B-10F5-4804-8B7E-915C052B2A2B}.Release|iPhoneSimulator.Deploy.0 = Release|Any CPU
		{23CF4B3B-9305-44E4-AA66-7840A24D130C}.Debug|Any CPU.ActiveCfg = Debug|iPhone
		{23CF4B3B-9305-44E4-AA66-7840A24D130C}.Debug|Any CPU.Build.0 = Debug|iPhone
		{23CF4B3B-9305-44E4-AA66-7840A24D130C}.Debug|Any CPU.Deploy.0 = Debug|iPhone
		{23CF4B3B-9305-44E4-AA66-7840A24D130C}.Debug|iPhone.ActiveCfg = Debug|iPhone
		{23CF4B3B-9305-44E4-AA66-7840A24D130C}.Debug|iPhone.Build.0 = Debug|iPhone
		{23CF4B3B-9305-44E4-AA66-7840A24D130C}.Debug|iPhone.Deploy.0 = Debug|iPhone
		{23CF4B3B-9305-44E4-AA66-7840A24D130C}.Debug|iPhoneSimulator.ActiveCfg = Debug|iPhoneSimulator
		{23CF4B3B-9305-44E4-AA66-7840A24D130C}.Debug|iPhoneSimulator.Build.0 = Debug|iPhoneSimulator
		{23CF4B3B-9305-44E4-AA66-7840A24D130C}.Debug|iPhoneSimulator.Deploy.0 = Debug|iPhoneSimulator
		{23CF4B3B-9305-44E4-AA66-7840A24D130C}.Release|Any CPU.ActiveCfg = Release|iPhone
		{23CF4B3B-9305-44E4-AA66-7840A24D130C}.Release|Any CPU.Build.0 = Release|iPhone
		{23CF4B3B-9305-44E4-AA66-7840A24D130C}.Release|Any CPU.Deploy.0 = Release|iPhone
		{23CF4B3B-9305-44E4-AA66-7840A24D130C}.Release|iPhone.ActiveCfg = Release|iPhone
		{23CF4B3B-9305-44E4-AA66-7840A24D130C}.Release|iPhone.Build.0 = Release|iPhone
		{23CF4B3B-9305-44E4-AA66-7840A24D130C}.Release|iPhone.Deploy.0 = Release|iPhone
		{23CF4B3B-9305-44E4-AA66-7840A24D130C}.Release|iPhoneSimulator.ActiveCfg = Release|iPhoneSimulator
		{23CF4B3B-9305-44E4-AA66-7840A24D130C}.Release|iPhoneSimulator.Build.0 = Release|iPhoneSimulator
		{23CF4B3B-9305-44E4-AA66-7840A24D130C}.Release|iPhoneSimulator.Deploy.0 = Release|iPhoneSimulator
		{1FC28BC6-31D9-4258-90C9-BA10D90F7381}.Debug|Any CPU.ActiveCfg = Debug|Any CPU
		{1FC28BC6-31D9-4258-90C9-BA10D90F7381}.Debug|Any CPU.Build.0 = Debug|Any CPU
		{1FC28BC6-31D9-4258-90C9-BA10D90F7381}.Debug|Any CPU.Deploy.0 = Debug|Any CPU
		{1FC28BC6-31D9-4258-90C9-BA10D90F7381}.Debug|iPhone.ActiveCfg = Debug|Any CPU
		{1FC28BC6-31D9-4258-90C9-BA10D90F7381}.Debug|iPhone.Build.0 = Debug|Any CPU
		{1FC28BC6-31D9-4258-90C9-BA10D90F7381}.Debug|iPhone.Deploy.0 = Debug|Any CPU
		{1FC28BC6-31D9-4258-90C9-BA10D90F7381}.Debug|iPhoneSimulator.ActiveCfg = Debug|Any CPU
		{1FC28BC6-31D9-4258-90C9-BA10D90F7381}.Debug|iPhoneSimulator.Build.0 = Debug|Any CPU
		{1FC28BC6-31D9-4258-90C9-BA10D90F7381}.Debug|iPhoneSimulator.Deploy.0 = Debug|Any CPU
		{1FC28BC6-31D9-4258-90C9-BA10D90F7381}.Release|Any CPU.ActiveCfg = Release|Any CPU
		{1FC28BC6-31D9-4258-90C9-BA10D90F7381}.Release|Any CPU.Build.0 = Release|Any CPU
		{1FC28BC6-31D9-4258-90C9-BA10D90F7381}.Release|Any CPU.Deploy.0 = Release|Any CPU
		{1FC28BC6-31D9-4258-90C9-BA10D90F7381}.Release|iPhone.ActiveCfg = Release|Any CPU
		{1FC28BC6-31D9-4258-90C9-BA10D90F7381}.Release|iPhone.Build.0 = Release|Any CPU
		{1FC28BC6-31D9-4258-90C9-BA10D90F7381}.Release|iPhone.Deploy.0 = Release|Any CPU
		{1FC28BC6-31D9-4258-90C9-BA10D90F7381}.Release|iPhoneSimulator.ActiveCfg = Release|Any CPU
		{1FC28BC6-31D9-4258-90C9-BA10D90F7381}.Release|iPhoneSimulator.Build.0 = Release|Any CPU
		{1FC28BC6-31D9-4258-90C9-BA10D90F7381}.Release|iPhoneSimulator.Deploy.0 = Release|Any CPU
	EndGlobalSection
	GlobalSection(SolutionProperties) = preSolution
		HideSolutionNode = FALSE
	EndGlobalSection
	GlobalSection(ExtensibilityGlobals) = postSolution
		SolutionGuid = {3EA7A8DC-06E7-4130-B7C8-1DFB49AF41CD}
	EndGlobalSection
EndGlobal
